
Microsoft Visual Studio Solution File, Format Version 12.00
# Visual Studio 2012
Project("{FAE04EC0-301F-11D3-BF4B-00C04F79EFBC}") = "Ext_RealEstate", "..\..\..\..\AppData\Local\Temp\Temp2_Ext_RealEstate-20170316T125604Z-001.zip\Ext_RealEstate\Ext_RealEstate\Ext_RealEstate.csproj", "{618FA501-F2E0-477E-B150-59AC45BB6A47}"
EndProject
Project("{FAE04EC0-301F-11D3-BF4B-00C04F79EFBC}") = "BAL", "..\..\..\..\AppData\Local\Temp\Temp2_Ext_RealEstate-20170316T125604Z-001.zip\Ext_RealEstate\BAL\BAL.csproj", "{7482AAD9-34B2-46BF-B20F-569E51E1AA1F}"
EndProject
Project("{FAE04EC0-301F-11D3-BF4B-00C04F79EFBC}") = "DAL", "..\..\..\..\AppData\Local\Temp\Temp2_Ext_RealEstate-20170316T125604Z-001.zip\Ext_RealEstate\DAL\DAL.csproj", "{AD5C879D-FA5C-495B-8E75-BBF8CAAE218A}"
EndProject
Global
	GlobalSection(SolutionConfigurationPlatforms) = preSolution
		Debug|Any CPU = Debug|Any CPU
		Release|Any CPU = Release|Any CPU
	EndGlobalSection
	GlobalSection(ProjectConfigurationPlatforms) = postSolution
		{618FA501-F2E0-477E-B150-59AC45BB6A47}.Debug|Any CPU.ActiveCfg = Debug|Any CPU
		{618FA501-F2E0-477E-B150-59AC45BB6A47}.Debug|Any CPU.Build.0 = Debug|Any CPU
		{618FA501-F2E0-477E-B150-59AC45BB6A47}.Release|Any CPU.ActiveCfg = Release|Any CPU
		{618FA501-F2E0-477E-B150-59AC45BB6A47}.Release|Any CPU.Build.0 = Release|Any CPU
		{7482AAD9-34B2-46BF-B20F-569E51E1AA1F}.Debug|Any CPU.ActiveCfg = Debug|Any CPU
		{7482AAD9-34B2-46BF-B20F-569E51E1AA1F}.Debug|Any CPU.Build.0 = Debug|Any CPU
		{7482AAD9-34B2-46BF-B20F-569E51E1AA1F}.Release|Any CPU.ActiveCfg = Release|Any CPU
		{7482AAD9-34B2-46BF-B20F-569E51E1AA1F}.Release|Any CPU.Build.0 = Release|Any CPU
		{AD5C879D-FA5C-495B-8E75-BBF8CAAE218A}.Debug|Any CPU.ActiveCfg = Debug|Any CPU
		{AD5C879D-FA5C-495B-8E75-BBF8CAAE218A}.Debug|Any CPU.Build.0 = Debug|Any CPU
		{AD5C879D-FA5C-495B-8E75-BBF8CAAE218A}.Release|Any CPU.ActiveCfg = Release|Any CPU
		{AD5C879D-FA5C-495B-8E75-BBF8CAAE218A}.Release|Any CPU.Build.0 = Release|Any CPU
	EndGlobalSection
	GlobalSection(SolutionProperties) = preSolution
		HideSolutionNode = FALSE
	EndGlobalSection
EndGlobal
